
Microsoft Visual Studio Solution File, Format Version 12.00
# Visual Studio Version 16
VisualStudioVersion = 16.0.29123.88
MinimumVisualStudioVersion = 10.0.40219.1
Project("{2150E333-8FDC-42A3-9474-1A3956D46DE8}") = "01.src", "01.src", "{6E98674C-043B-40AC-9C95-AF8A54D5EAFD}"
EndProject
Project("{2150E333-8FDC-42A3-9474-1A3956D46DE8}") = "03.setup", "03.setup", "{E6E917A2-A7B1-48D7-A03F-80B47FBBDD96}"
EndProject
Project("{FAE04EC0-301F-11D3-BF4B-00C04F79EFBC}") = "PluginScribens_Word", "source\ScribensMSWord\PluginScribens_Word.csproj", "{747A7594-67D8-4EE3-84A9-8E7ECD0D18AB}"
EndProject
Project("{930C7802-8A8C-48F9-8165-68863BCCD9DD}") = "SetupMsi", "Setup\PluginScribens_Word.Setup\SetupMsi.wixproj", "{E76A2E14-0426-4C45-874C-2CB01FAA7225}"
EndProject
Project("{930C7802-8A8C-48F9-8165-68863BCCD9DD}") = "SetupBundle", "Setup\ScribenPluginsMsOffice\SetupBundle.wixproj", "{CBB71511-264C-4B17-B718-49266867C411}"
EndProject
Project("{FAE04EC0-301F-11D3-BF4B-00C04F79EFBC}") = "SetupUI", "Setup\SetupUI\SetupUI.csproj", "{7CAC6CC0-43A2-44F0-AECC-A75090B13423}"
EndProject
Project("{FAE04EC0-301F-11D3-BF4B-00C04F79EFBC}") = "Setup.CustomActions", "Setup\Setup.CustomActions\Setup.CustomActions.csproj", "{6B08E48C-2D10-4167-8A6C-E2249DC5C5DF}"
EndProject
Project("{2150E333-8FDC-42A3-9474-1A3956D46DE8}") = "Others", "Others", "{84DBD898-10A9-4860-8E14-D08C26D0271A}"
EndProject
Project("{2150E333-8FDC-42A3-9474-1A3956D46DE8}") = "Outlook", "Outlook", "{02B0A415-E9B4-4700-8FAF-1FCD9D9F14F9}"
	ProjectSection(SolutionItems) = preProject
		Setup\Others\Outlook\Microsoft.Office.Tools.Common.v4.0.Utilities.dll = Setup\Others\Outlook\Microsoft.Office.Tools.Common.v4.0.Utilities.dll
		Setup\Others\Outlook\Microsoft.Office.Tools.Outlook.v4.0.Utilities.dll = Setup\Others\Outlook\Microsoft.Office.Tools.Outlook.v4.0.Utilities.dll
		Setup\Others\Outlook\Mono.HttpUtility.dll = Setup\Others\Outlook\Mono.HttpUtility.dll
		Setup\Others\Outlook\PluginScribens_Outlook.dll = Setup\Others\Outlook\PluginScribens_Outlook.dll
		Setup\Others\Outlook\PluginScribens_Outlook.dll.manifest = Setup\Others\Outlook\PluginScribens_Outlook.dll.manifest
		Setup\Others\Outlook\PluginScribens_Outlook.vsto = Setup\Others\Outlook\PluginScribens_Outlook.vsto
	EndProjectSection
EndProject
Project("{2150E333-8FDC-42A3-9474-1A3956D46DE8}") = "PowerPoint", "PowerPoint", "{489920FC-C364-416F-A9A3-2D72FD7B6C67}"
	ProjectSection(SolutionItems) = preProject
		Setup\Others\PowerPoint\Fleck.dll = Setup\Others\PowerPoint\Fleck.dll
		Setup\Others\PowerPoint\Microsoft.Office.Tools.Common.v4.0.Utilities.dll = Setup\Others\PowerPoint\Microsoft.Office.Tools.Common.v4.0.Utilities.dll
		Setup\Others\PowerPoint\Mono.HttpUtility.dll = Setup\Others\PowerPoint\Mono.HttpUtility.dll
		Setup\Others\PowerPoint\PluginScribens_PowerPoint.dll = Setup\Others\PowerPoint\PluginScribens_PowerPoint.dll
		Setup\Others\PowerPoint\PluginScribens_PowerPoint.dll.manifest = Setup\Others\PowerPoint\PluginScribens_PowerPoint.dll.manifest
		Setup\Others\PowerPoint\PluginScribens_PowerPoint.vsto = Setup\Others\PowerPoint\PluginScribens_PowerPoint.vsto
	EndProjectSection
EndProject
Project("{2150E333-8FDC-42A3-9474-1A3956D46DE8}") = "Excel", "Excel", "{8E3B126B-3A1E-4B65-B88E-EF873E92B39F}"
	ProjectSection(SolutionItems) = preProject
		Setup\Others\Excel\Fleck.dll = Setup\Others\Excel\Fleck.dll
		Setup\Others\Excel\Microsoft.CSharp.dll = Setup\Others\Excel\Microsoft.CSharp.dll
		Setup\Others\Excel\Microsoft.Office.Tools.Common.v4.0.Utilities.dll = Setup\Others\Excel\Microsoft.Office.Tools.Common.v4.0.Utilities.dll
		Setup\Others\Excel\Microsoft.Office.Tools.dll = Setup\Others\Excel\Microsoft.Office.Tools.dll
		Setup\Others\Excel\Mono.HttpUtility.dll = Setup\Others\Excel\Mono.HttpUtility.dll
		Setup\Others\Excel\PluginScribens_Excel.dll = Setup\Others\Excel\PluginScribens_Excel.dll
		Setup\Others\Excel\PluginScribens_Excel.dll.manifest = Setup\Others\Excel\PluginScribens_Excel.dll.manifest
		Setup\Others\Excel\PluginScribens_Excel.vsto = Setup\Others\Excel\PluginScribens_Excel.vsto
		Setup\Others\Excel\System.Dynamic.dll = Setup\Others\Excel\System.Dynamic.dll
	EndProjectSection
EndProject
Project("{FAE04EC0-301F-11D3-BF4B-00C04F79EFBC}") = "PluginScribens_Outlook", "source\ScribensMSOutlook\PluginScribens_Outlook.csproj", "{B63224A2-24A3-4073-BCC3-E50B45F52EF7}"
EndProject
Project("{2150E333-8FDC-42A3-9474-1A3956D46DE8}") = "02.test", "02.test", "{9EAE324F-DC36-4C34-8E3E-59E5486C27E5}"
EndProject
Project("{FAE04EC0-301F-11D3-BF4B-00C04F79EFBC}") = "UITestHarness", "Test\UITestHarness\UITestHarness.csproj", "{733E047B-9171-40D5-AAAE-936F34875752}"
EndProject
Project("{FAE04EC0-301F-11D3-BF4B-00C04F79EFBC}") = "PluginScribens.UI", "Source\ScribensUI\PluginScribens.UI.csproj", "{C16681BC-1E81-459A-A4C3-4146053CFDF6}"
EndProject
Project("{FAE04EC0-301F-11D3-BF4B-00C04F79EFBC}") = "PluginScribens.Common", "Source\ScribensCommon\PluginScribens.Common.csproj", "{B5364F72-1E40-4B99-900A-0F6CD8D1791A}"
EndProject
Global
	GlobalSection(SolutionConfigurationPlatforms) = preSolution
		Debug|Any CPU = Debug|Any CPU
		Debug|x86 = Debug|x86
		Release|Any CPU = Release|Any CPU
		Release|x86 = Release|x86
	EndGlobalSection
	GlobalSection(ProjectConfigurationPlatforms) = postSolution
		{747A7594-67D8-4EE3-84A9-8E7ECD0D18AB}.Debug|Any CPU.ActiveCfg = Debug|Any CPU
		{747A7594-67D8-4EE3-84A9-8E7ECD0D18AB}.Debug|Any CPU.Build.0 = Debug|Any CPU
		{747A7594-67D8-4EE3-84A9-8E7ECD0D18AB}.Debug|x86.ActiveCfg = Debug|Any CPU
		{747A7594-67D8-4EE3-84A9-8E7ECD0D18AB}.Debug|x86.Build.0 = Debug|Any CPU
		{747A7594-67D8-4EE3-84A9-8E7ECD0D18AB}.Release|Any CPU.ActiveCfg = Release|Any CPU
		{747A7594-67D8-4EE3-84A9-8E7ECD0D18AB}.Release|Any CPU.Build.0 = Release|Any CPU
		{747A7594-67D8-4EE3-84A9-8E7ECD0D18AB}.Release|x86.ActiveCfg = Release|Any CPU
		{747A7594-67D8-4EE3-84A9-8E7ECD0D18AB}.Release|x86.Build.0 = Release|Any CPU
		{E76A2E14-0426-4C45-874C-2CB01FAA7225}.Debug|Any CPU.ActiveCfg = Debug|x86
		{E76A2E14-0426-4C45-874C-2CB01FAA7225}.Debug|x86.ActiveCfg = Debug|x86
		{E76A2E14-0426-4C45-874C-2CB01FAA7225}.Debug|x86.Build.0 = Debug|x86
		{E76A2E14-0426-4C45-874C-2CB01FAA7225}.Release|Any CPU.ActiveCfg = Release|x86
		{E76A2E14-0426-4C45-874C-2CB01FAA7225}.Release|x86.ActiveCfg = Release|x86
		{E76A2E14-0426-4C45-874C-2CB01FAA7225}.Release|x86.Build.0 = Release|x86
		{CBB71511-264C-4B17-B718-49266867C411}.Debug|Any CPU.ActiveCfg = Debug|x86
		{CBB71511-264C-4B17-B718-49266867C411}.Debug|x86.ActiveCfg = Debug|x86
		{CBB71511-264C-4B17-B718-49266867C411}.Debug|x86.Build.0 = Debug|x86
		{CBB71511-264C-4B17-B718-49266867C411}.Release|Any CPU.ActiveCfg = Release|x86
		{CBB71511-264C-4B17-B718-49266867C411}.Release|x86.ActiveCfg = Release|x86
		{CBB71511-264C-4B17-B718-49266867C411}.Release|x86.Build.0 = Release|x86
		{7CAC6CC0-43A2-44F0-AECC-A75090B13423}.Debug|Any CPU.ActiveCfg = Debug|Any CPU
		{7CAC6CC0-43A2-44F0-AECC-A75090B13423}.Debug|Any CPU.Build.0 = Debug|Any CPU
		{7CAC6CC0-43A2-44F0-AECC-A75090B13423}.Debug|x86.ActiveCfg = Debug|Any CPU
		{7CAC6CC0-43A2-44F0-AECC-A75090B13423}.Debug|x86.Build.0 = Debug|Any CPU
		{7CAC6CC0-43A2-44F0-AECC-A75090B13423}.Release|Any CPU.ActiveCfg = Release|Any CPU
		{7CAC6CC0-43A2-44F0-AECC-A75090B13423}.Release|Any CPU.Build.0 = Release|Any CPU
		{7CAC6CC0-43A2-44F0-AECC-A75090B13423}.Release|x86.ActiveCfg = Release|Any CPU
		{7CAC6CC0-43A2-44F0-AECC-A75090B13423}.Release|x86.Build.0 = Release|Any CPU
		{6B08E48C-2D10-4167-8A6C-E2249DC5C5DF}.Debug|Any CPU.ActiveCfg = Debug|x86
		{6B08E48C-2D10-4167-8A6C-E2249DC5C5DF}.Debug|x86.ActiveCfg = Debug|x86
		{6B08E48C-2D10-4167-8A6C-E2249DC5C5DF}.Debug|x86.Build.0 = Debug|x86
		{6B08E48C-2D10-4167-8A6C-E2249DC5C5DF}.Release|Any CPU.ActiveCfg = Release|x86
		{6B08E48C-2D10-4167-8A6C-E2249DC5C5DF}.Release|x86.ActiveCfg = Release|x86
		{6B08E48C-2D10-4167-8A6C-E2249DC5C5DF}.Release|x86.Build.0 = Release|x86
		{B63224A2-24A3-4073-BCC3-E50B45F52EF7}.Debug|Any CPU.ActiveCfg = Debug|Any CPU
		{B63224A2-24A3-4073-BCC3-E50B45F52EF7}.Debug|Any CPU.Build.0 = Debug|Any CPU
		{B63224A2-24A3-4073-BCC3-E50B45F52EF7}.Debug|x86.ActiveCfg = Debug|Any CPU
		{B63224A2-24A3-4073-BCC3-E50B45F52EF7}.Debug|x86.Build.0 = Debug|Any CPU
		{B63224A2-24A3-4073-BCC3-E50B45F52EF7}.Release|Any CPU.ActiveCfg = Release|Any CPU
		{B63224A2-24A3-4073-BCC3-E50B45F52EF7}.Release|Any CPU.Build.0 = Release|Any CPU
		{B63224A2-24A3-4073-BCC3-E50B45F52EF7}.Release|x86.ActiveCfg = Release|Any CPU
		{B63224A2-24A3-4073-BCC3-E50B45F52EF7}.Release|x86.Build.0 = Release|Any CPU
		{733E047B-9171-40D5-AAAE-936F34875752}.Debug|Any CPU.ActiveCfg = Debug|Any CPU
		{733E047B-9171-40D5-AAAE-936F34875752}.Debug|Any CPU.Build.0 = Debug|Any CPU
		{733E047B-9171-40D5-AAAE-936F34875752}.Debug|x86.ActiveCfg = Debug|Any CPU
		{733E047B-9171-40D5-AAAE-936F34875752}.Debug|x86.Build.0 = Debug|Any CPU
		{733E047B-9171-40D5-AAAE-936F34875752}.Release|Any CPU.ActiveCfg = Release|Any CPU
		{733E047B-9171-40D5-AAAE-936F34875752}.Release|Any CPU.Build.0 = Release|Any CPU
		{733E047B-9171-40D5-AAAE-936F34875752}.Release|x86.ActiveCfg = Release|Any CPU
		{733E047B-9171-40D5-AAAE-936F34875752}.Release|x86.Build.0 = Release|Any CPU
		{C16681BC-1E81-459A-A4C3-4146053CFDF6}.Debug|Any CPU.ActiveCfg = Debug|Any CPU
		{C16681BC-1E81-459A-A4C3-4146053CFDF6}.Debug|Any CPU.Build.0 = Debug|Any CPU
		{C16681BC-1E81-459A-A4C3-4146053CFDF6}.Debug|x86.ActiveCfg = Debug|Any CPU
		{C16681BC-1E81-459A-A4C3-4146053CFDF6}.Debug|x86.Build.0 = Debug|Any CPU
		{C16681BC-1E81-459A-A4C3-4146053CFDF6}.Release|Any CPU.ActiveCfg = Release|Any CPU
		{C16681BC-1E81-459A-A4C3-4146053CFDF6}.Release|Any CPU.Build.0 = Release|Any CPU
		{C16681BC-1E81-459A-A4C3-4146053CFDF6}.Release|x86.ActiveCfg = Release|Any CPU
		{C16681BC-1E81-459A-A4C3-4146053CFDF6}.Release|x86.Build.0 = Release|Any CPU
		{B5364F72-1E40-4B99-900A-0F6CD8D1791A}.Debug|Any CPU.ActiveCfg = Debug|Any CPU
		{B5364F72-1E40-4B99-900A-0F6CD8D1791A}.Debug|Any CPU.Build.0 = Debug|Any CPU
		{B5364F72-1E40-4B99-900A-0F6CD8D1791A}.Debug|x86.ActiveCfg = Debug|Any CPU
		{B5364F72-1E40-4B99-900A-0F6CD8D1791A}.Debug|x86.Build.0 = Debug|Any CPU
		{B5364F72-1E40-4B99-900A-0F6CD8D1791A}.Release|Any CPU.ActiveCfg = Release|Any CPU
		{B5364F72-1E40-4B99-900A-0F6CD8D1791A}.Release|Any CPU.Build.0 = Release|Any CPU
		{B5364F72-1E40-4B99-900A-0F6CD8D1791A}.Release|x86.ActiveCfg = Release|Any CPU
		{B5364F72-1E40-4B99-900A-0F6CD8D1791A}.Release|x86.Build.0 = Release|Any CPU
	EndGlobalSection
	GlobalSection(SolutionProperties) = preSolution
		HideSolutionNode = FALSE
	EndGlobalSection
	GlobalSection(NestedProjects) = preSolution
		{747A7594-67D8-4EE3-84A9-8E7ECD0D18AB} = {6E98674C-043B-40AC-9C95-AF8A54D5EAFD}
		{E76A2E14-0426-4C45-874C-2CB01FAA7225} = {E6E917A2-A7B1-48D7-A03F-80B47FBBDD96}
		{CBB71511-264C-4B17-B718-49266867C411} = {E6E917A2-A7B1-48D7-A03F-80B47FBBDD96}
		{7CAC6CC0-43A2-44F0-AECC-A75090B13423} = {E6E917A2-A7B1-48D7-A03F-80B47FBBDD96}
		{6B08E48C-2D10-4167-8A6C-E2249DC5C5DF} = {E6E917A2-A7B1-48D7-A03F-80B47FBBDD96}
		{84DBD898-10A9-4860-8E14-D08C26D0271A} = {E6E917A2-A7B1-48D7-A03F-80B47FBBDD96}
		{02B0A415-E9B4-4700-8FAF-1FCD9D9F14F9} = {84DBD898-10A9-4860-8E14-D08C26D0271A}
		{489920FC-C364-416F-A9A3-2D72FD7B6C67} = {84DBD898-10A9-4860-8E14-D08C26D0271A}
		{8E3B126B-3A1E-4B65-B88E-EF873E92B39F} = {84DBD898-10A9-4860-8E14-D08C26D0271A}
		{B63224A2-24A3-4073-BCC3-E50B45F52EF7} = {6E98674C-043B-40AC-9C95-AF8A54D5EAFD}
		{733E047B-9171-40D5-AAAE-936F34875752} = {9EAE324F-DC36-4C34-8E3E-59E5486C27E5}
		{C16681BC-1E81-459A-A4C3-4146053CFDF6} = {6E98674C-043B-40AC-9C95-AF8A54D5EAFD}
		{B5364F72-1E40-4B99-900A-0F6CD8D1791A} = {6E98674C-043B-40AC-9C95-AF8A54D5EAFD}
	EndGlobalSection
	GlobalSection(ExtensibilityGlobals) = postSolution
		SolutionGuid = {77EFB5BD-1721-48AA-9881-42B63CB0F79E}
	EndGlobalSection
EndGlobal
